
Microsoft Visual Studio Solution File, Format Version 12.00
# Visual Studio Version 17
VisualStudioVersion = 17.6.33815.320
MinimumVisualStudioVersion = 10.0.40219.1
Project("{9A19103F-16F7-4668-BE54-9A1E7A4F7556}") = "DemoBanCo_20DTHE2", "DemoBanCo_20DTHE2\DemoBanCo_20DTHE2.csproj", "{DCFD1387-9882-4170-ADAE-53D09714F1E4}"
EndProject
Project("{9A19103F-16F7-4668-BE54-9A1E7A4F7556}") = "Libs", "Libs\Libs.csproj", "{987717A4-3ECC-4465-BC0F-597D24EF14BD}"
EndProject
Global
	GlobalSection(SolutionConfigurationPlatforms) = preSolution
		Debug|Any CPU = Debug|Any CPU
		Release|Any CPU = Release|Any CPU
	EndGlobalSection
	GlobalSection(ProjectConfigurationPlatforms) = postSolution
		{DCFD1387-9882-4170-ADAE-53D09714F1E4}.Debug|Any CPU.ActiveCfg = Debug|Any CPU
		{DCFD1387-9882-4170-ADAE-53D09714F1E4}.Debug|Any CPU.Build.0 = Debug|Any CPU
		{DCFD1387-9882-4170-ADAE-53D09714F1E4}.Release|Any CPU.ActiveCfg = Release|Any CPU
		{DCFD1387-9882-4170-ADAE-53D09714F1E4}.Release|Any CPU.Build.0 = Release|Any CPU
		{987717A4-3ECC-4465-BC0F-597D24EF14BD}.Debug|Any CPU.ActiveCfg = Debug|Any CPU
		{987717A4-3ECC-4465-BC0F-597D24EF14BD}.Debug|Any CPU.Build.0 = Debug|Any CPU
		{987717A4-3ECC-4465-BC0F-597D24EF14BD}.Release|Any CPU.ActiveCfg = Release|Any CPU
		{987717A4-3ECC-4465-BC0F-597D24EF14BD}.Release|Any CPU.Build.0 = Release|Any CPU
	EndGlobalSection
	GlobalSection(SolutionProperties) = preSolution
		HideSolutionNode = FALSE
	EndGlobalSection
	GlobalSection(ExtensibilityGlobals) = postSolution
		SolutionGuid = {51A11F6C-8380-4106-92B4-8F494639D754}
	EndGlobalSection
EndGlobal
